
Microsoft Visual Studio Solution File, Format Version 12.00
# Visual Studio Version 17
VisualStudioVersion = 17.11.35327.3
MinimumVisualStudioVersion = 10.0.40219.1
Project("{FAE04EC0-301F-11D3-BF4B-00C04F79EFBC}") = "Practica10-While", "Practica10-While\Practica10-While.csproj", "{DF0B233D-458B-4B1E-84B4-E4B18C7C90C2}"
EndProject
Global
	GlobalSection(SolutionConfigurationPlatforms) = preSolution
		Debug|Any CPU = Debug|Any CPU
		Release|Any CPU = Release|Any CPU
	EndGlobalSection
	GlobalSection(ProjectConfigurationPlatforms) = postSolution
		{DF0B233D-458B-4B1E-84B4-E4B18C7C90C2}.Debug|Any CPU.ActiveCfg = Debug|Any CPU
		{DF0B233D-458B-4B1E-84B4-E4B18C7C90C2}.Debug|Any CPU.Build.0 = Debug|Any CPU
		{DF0B233D-458B-4B1E-84B4-E4B18C7C90C2}.Release|Any CPU.ActiveCfg = Release|Any CPU
		{DF0B233D-458B-4B1E-84B4-E4B18C7C90C2}.Release|Any CPU.Build.0 = Release|Any CPU
	EndGlobalSection
	GlobalSection(SolutionProperties) = preSolution
		HideSolutionNode = FALSE
	EndGlobalSection
	GlobalSection(ExtensibilityGlobals) = postSolution
		SolutionGuid = {8EC4D37B-6E38-4097-9A94-2A2D7CA5D562}
	EndGlobalSection
EndGlobal
